
Microsoft Visual Studio Solution File, Format Version 12.00
# Visual Studio Version 17
VisualStudioVersion = 17.10.34928.147
MinimumVisualStudioVersion = 10.0.40219.1
Project("{9A19103F-16F7-4668-BE54-9A1E7A4F7556}") = "ADO.Net", "ADO.Net\ADO.Net.csproj", "{4EAE0F28-EF56-4E21-8815-B890CC688948}"
EndProject
Project("{FAE04EC0-301F-11D3-BF4B-00C04F79EFBC}") = "ORM-EF-DatabaseFirst", "ORM-EF-DatabaseFirst\ORM-EF-DatabaseFirst.csproj", "{49693AA5-6BB8-42A2-B81E-260D603D2E91}"
EndProject
Project("{9A19103F-16F7-4668-BE54-9A1E7A4F7556}") = "ORM-EF-CodeFirst", "ORM-EF-CodeFirst\ORM-EF-CodeFirst.csproj", "{CDCF4426-7B5D-4FE5-9BD8-2B7DAAE0EDE9}"
EndProject
Project("{FAE04EC0-301F-11D3-BF4B-00C04F79EFBC}") = "Business-Service-DB-Code", "Business-Service-DB-Code\Business-Service-DB-Code.csproj", "{797165BF-AC4C-4B19-A88B-660467DC7849}"
EndProject
Global
	GlobalSection(SolutionConfigurationPlatforms) = preSolution
		Debug|Any CPU = Debug|Any CPU
		Release|Any CPU = Release|Any CPU
	EndGlobalSection
	GlobalSection(ProjectConfigurationPlatforms) = postSolution
		{4EAE0F28-EF56-4E21-8815-B890CC688948}.Debug|Any CPU.ActiveCfg = Debug|Any CPU
		{4EAE0F28-EF56-4E21-8815-B890CC688948}.Debug|Any CPU.Build.0 = Debug|Any CPU
		{4EAE0F28-EF56-4E21-8815-B890CC688948}.Release|Any CPU.ActiveCfg = Release|Any CPU
		{4EAE0F28-EF56-4E21-8815-B890CC688948}.Release|Any CPU.Build.0 = Release|Any CPU
		{49693AA5-6BB8-42A2-B81E-260D603D2E91}.Debug|Any CPU.ActiveCfg = Debug|Any CPU
		{49693AA5-6BB8-42A2-B81E-260D603D2E91}.Debug|Any CPU.Build.0 = Debug|Any CPU
		{49693AA5-6BB8-42A2-B81E-260D603D2E91}.Release|Any CPU.ActiveCfg = Release|Any CPU
		{49693AA5-6BB8-42A2-B81E-260D603D2E91}.Release|Any CPU.Build.0 = Release|Any CPU
		{CDCF4426-7B5D-4FE5-9BD8-2B7DAAE0EDE9}.Debug|Any CPU.ActiveCfg = Debug|Any CPU
		{CDCF4426-7B5D-4FE5-9BD8-2B7DAAE0EDE9}.Debug|Any CPU.Build.0 = Debug|Any CPU
		{CDCF4426-7B5D-4FE5-9BD8-2B7DAAE0EDE9}.Release|Any CPU.ActiveCfg = Release|Any CPU
		{CDCF4426-7B5D-4FE5-9BD8-2B7DAAE0EDE9}.Release|Any CPU.Build.0 = Release|Any CPU
		{797165BF-AC4C-4B19-A88B-660467DC7849}.Debug|Any CPU.ActiveCfg = Debug|Any CPU
		{797165BF-AC4C-4B19-A88B-660467DC7849}.Debug|Any CPU.Build.0 = Debug|Any CPU
		{797165BF-AC4C-4B19-A88B-660467DC7849}.Release|Any CPU.ActiveCfg = Release|Any CPU
		{797165BF-AC4C-4B19-A88B-660467DC7849}.Release|Any CPU.Build.0 = Release|Any CPU
	EndGlobalSection
	GlobalSection(SolutionProperties) = preSolution
		HideSolutionNode = FALSE
	EndGlobalSection
	GlobalSection(ExtensibilityGlobals) = postSolution
		SolutionGuid = {266921B5-3B4A-4B72-B406-B0C60302935F}
	EndGlobalSection
EndGlobal
