
Microsoft Visual Studio Solution File, Format Version 12.00
# Visual Studio Version 17
VisualStudioVersion = 17.5.002.0
MinimumVisualStudioVersion = 10.0.40219.1
Project("{9A19103F-16F7-4668-BE54-9A1E7A4F7556}") = "ADO.Net", "ADO.Net.csproj", "{41CB3C31-B505-4DA4-B65B-77BA51263E7D}"
EndProject
Global
	GlobalSection(SolutionConfigurationPlatforms) = preSolution
		Debug|Any CPU = Debug|Any CPU
		Release|Any CPU = Release|Any CPU
	EndGlobalSection
	GlobalSection(ProjectConfigurationPlatforms) = postSolution
		{41CB3C31-B505-4DA4-B65B-77BA51263E7D}.Debug|Any CPU.ActiveCfg = Debug|Any CPU
		{41CB3C31-B505-4DA4-B65B-77BA51263E7D}.Debug|Any CPU.Build.0 = Debug|Any CPU
		{41CB3C31-B505-4DA4-B65B-77BA51263E7D}.Release|Any CPU.ActiveCfg = Release|Any CPU
		{41CB3C31-B505-4DA4-B65B-77BA51263E7D}.Release|Any CPU.Build.0 = Release|Any CPU
	EndGlobalSection
	GlobalSection(SolutionProperties) = preSolution
		HideSolutionNode = FALSE
	EndGlobalSection
	GlobalSection(ExtensibilityGlobals) = postSolution
		SolutionGuid = {848B5DE6-2EBD-48DD-8735-EC79C341FE38}
	EndGlobalSection
EndGlobal
